
Microsoft Visual Studio Solution File, Format Version 12.00
# Visual Studio Version 16
VisualStudioVersion = 16.0.29709.97
MinimumVisualStudioVersion = 10.0.40219.1
Project("{FAE04EC0-301F-11D3-BF4B-00C04F79EFBC}") = "DictionaryCSV", "DictionaryCSV\DictionaryCSV.csproj", "{72D3129E-DE8F-45FD-B384-471437276502}"
EndProject
Global
	GlobalSection(SolutionConfigurationPlatforms) = preSolution
		Debug|Any CPU = Debug|Any CPU
		Release|Any CPU = Release|Any CPU
	EndGlobalSection
	GlobalSection(ProjectConfigurationPlatforms) = postSolution
		{72D3129E-DE8F-45FD-B384-471437276502}.Debug|Any CPU.ActiveCfg = Debug|Any CPU
		{72D3129E-DE8F-45FD-B384-471437276502}.Debug|Any CPU.Build.0 = Debug|Any CPU
		{72D3129E-DE8F-45FD-B384-471437276502}.Release|Any CPU.ActiveCfg = Release|Any CPU
		{72D3129E-DE8F-45FD-B384-471437276502}.Release|Any CPU.Build.0 = Release|Any CPU
	EndGlobalSection
	GlobalSection(SolutionProperties) = preSolution
		HideSolutionNode = FALSE
	EndGlobalSection
	GlobalSection(ExtensibilityGlobals) = postSolution
		SolutionGuid = {1B8D26F6-417F-4225-95FB-F2BF6E637222}
	EndGlobalSection
EndGlobal
